// !$*UTF8*$!
{
	archiveVersion = 1;
	classes = {
	};
	objectVersion = 77;
	objects = {

/* Begin PBXBuildFile section */
		2299831A28611724C4679D79 /* SymbolParticleMorphExampleApp.swift in Sources */ = {isa = PBXBuildFile; fileRef = 24524B7DC86B05D31DE33056 /* SymbolParticleMorphExampleApp.swift */; };
		45EF091E03214123F6A0EA05 /* SymbolParticleMorph in Frameworks */ = {isa = PBXBuildFile; productRef = 129E246C407F9782C3FB541A /* SymbolParticleMorph */; };
		521D5C7586ABC9F0DB49B75F /* ExampleContentView.swift in Sources */ = {isa = PBXBuildFile; fileRef = A20360F735377C1097D0BC71 /* ExampleContentView.swift */; };
		57FA9E7B38C23BA34B87BDE6 /* LaunchScreen.storyboard in Resources */ = {isa = PBXBuildFile; fileRef = 8DCF836541FADC0D334C73EC /* LaunchScreen.storyboard */; };
/* End PBXBuildFile section */

/* Begin PBXFileReference section */
		0FBBF0FC86F57375687BF5F3 /* SymbolParticleMorph */ = {isa = PBXFileReference; lastKnownFileType = folder; name = SymbolParticleMorph; path = ../..; sourceTree = SOURCE_ROOT; };
		24524B7DC86B05D31DE33056 /* SymbolParticleMorphExampleApp.swift */ = {isa = PBXFileReference; lastKnownFileType = sourcecode.swift; path = SymbolParticleMorphExampleApp.swift; sourceTree = "<group>"; };
		8DCF836541FADC0D334C73EC /* LaunchScreen.storyboard */ = {isa = PBXFileReference; lastKnownFileType = file.storyboard; path = LaunchScreen.storyboard; sourceTree = "<group>"; };
		A20360F735377C1097D0BC71 /* ExampleContentView.swift */ = {isa = PBXFileReference; lastKnownFileType = sourcecode.swift; path = ExampleContentView.swift; sourceTree = "<group>"; };
		D31FB92EC5D25326AAC6623C /* SymbolParticleMorphExample.app */ = {isa = PBXFileReference; includeInIndex = 0; lastKnownFileType = wrapper.application; path = SymbolParticleMorphExample.app; sourceTree = BUILT_PRODUCTS_DIR; };
/* End PBXFileReference section */

/* Begin PBXFrameworksBuildPhase section */
		931C24CE193AB42491841440 /* Frameworks */ = {
			isa = PBXFrameworksBuildPhase;
			buildActionMask = 2147483647;
			files = (
				45EF091E03214123F6A0EA05 /* SymbolParticleMorph in Frameworks */,
			);
			runOnlyForDeploymentPostprocessing = 0;
		};
/* End PBXFrameworksBuildPhase section */

/* Begin PBXGroup section */
		2D8CC720AA1A06C158B6FA79 /* Products */ = {
			isa = PBXGroup;
			children = (
				D31FB92EC5D25326AAC6623C /* SymbolParticleMorphExample.app */,
			);
			name = Products;
			sourceTree = "<group>";
		};
		41A13446654D04D3D1445D73 /* Resources */ = {
			isa = PBXGroup;
			children = (
				8DCF836541FADC0D334C73EC /* LaunchScreen.storyboard */,
			);
			path = Resources;
			sourceTree = "<group>";
		};
		78363DC7E2F9015B56B7B36D /* SymbolParticleMorphExample */ = {
			isa = PBXGroup;
			children = (
				A20360F735377C1097D0BC71 /* ExampleContentView.swift */,
				24524B7DC86B05D31DE33056 /* SymbolParticleMorphExampleApp.swift */,
				41A13446654D04D3D1445D73 /* Resources */,
			);
			path = SymbolParticleMorphExample;
			sourceTree = "<group>";
		};
		CE103CF88AFF87AD4455D637 /* Packages */ = {
			isa = PBXGroup;
			children = (
				0FBBF0FC86F57375687BF5F3 /* SymbolParticleMorph */,
			);
			name = Packages;
			sourceTree = "<group>";
		};
		D19141E30A0EDE0322FABC8F = {
			isa = PBXGroup;
			children = (
				CE103CF88AFF87AD4455D637 /* Packages */,
				78363DC7E2F9015B56B7B36D /* SymbolParticleMorphExample */,
				2D8CC720AA1A06C158B6FA79 /* Products */,
			);
			sourceTree = "<group>";
		};
/* End PBXGroup section */

/* Begin PBXNativeTarget section */
		B514C2B6C88B843F89C58B09 /* SymbolParticleMorphExample */ = {
			isa = PBXNativeTarget;
			buildConfigurationList = 70678E413A8118AD63EA25F5 /* Build configuration list for PBXNativeTarget "SymbolParticleMorphExample" */;
			buildPhases = (
				4ABE155A1701E993D970ED0E /* Sources */,
				D5452EA1B6846B2DE9978AEF /* Resources */,
				931C24CE193AB42491841440 /* Frameworks */,
			);
			buildRules = (
			);
			dependencies = (
			);
			name = SymbolParticleMorphExample;
			packageProductDependencies = (
				129E246C407F9782C3FB541A /* SymbolParticleMorph */,
			);
			productName = SymbolParticleMorphExample;
			productReference = D31FB92EC5D25326AAC6623C /* SymbolParticleMorphExample.app */;
			productType = "com.apple.product-type.application";
		};
/* End PBXNativeTarget section */

/* Begin PBXProject section */
		10F8DF81B1B85331CE78F006 /* Project object */ = {
			isa = PBXProject;
			attributes = {
				BuildIndependentTargetsInParallel = YES;
				LastUpgradeCheck = 1430;
				TargetAttributes = {
					B514C2B6C88B843F89C58B09 = {
						ProvisioningStyle = Automatic;
					};
				};
			};
			buildConfigurationList = 6B9105385AE903A75FC2DBD5 /* Build configuration list for PBXProject "SymbolParticleMorphExample" */;
			compatibilityVersion = "Xcode 14.0";
			developmentRegion = en;
			hasScannedForEncodings = 0;
			knownRegions = (
				Base,
				en,
			);
			mainGroup = D19141E30A0EDE0322FABC8F;
			minimizedProjectReferenceProxies = 1;
			packageReferences = (
				9649253BEF8867C11C8BED51 /* XCLocalSwiftPackageReference "../.." */,
			);
			preferredProjectObjectVersion = 77;
			projectDirPath = "";
			projectRoot = "";
			targets = (
				B514C2B6C88B843F89C58B09 /* SymbolParticleMorphExample */,
			);
		};
/* End PBXProject section */

/* Begin PBXResourcesBuildPhase section */
		D5452EA1B6846B2DE9978AEF /* Resources */ = {
			isa = PBXResourcesBuildPhase;
			buildActionMask = 2147483647;
			files = (
				57FA9E7B38C23BA34B87BDE6 /* LaunchScreen.storyboard in Resources */,
			);
			runOnlyForDeploymentPostprocessing = 0;
		};
/* End PBXResourcesBuildPhase section */

/* Begin PBXSourcesBuildPhase section */
		4ABE155A1701E993D970ED0E /* Sources */ = {
			isa = PBXSourcesBuildPhase;
			buildActionMask = 2147483647;
			files = (
				521D5C7586ABC9F0DB49B75F /* ExampleContentView.swift in Sources */,
				2299831A28611724C4679D79 /* SymbolParticleMorphExampleApp.swift in Sources */,
			);
			runOnlyForDeploymentPostprocessing = 0;
		};
/* End PBXSourcesBuildPhase section */

/* Begin XCBuildConfiguration section */
		15E586BBCC50978B6C4D65CB /* Debug */ = {
			isa = XCBuildConfiguration;
			buildSettings = {
				ALWAYS_SEARCH_USER_PATHS = NO;
				CLANG_ANALYZER_NONNULL = YES;
				CLANG_ANALYZER_NUMBER_OBJECT_CONVERSION = YES_AGGRESSIVE;
				CLANG_CXX_LANGUAGE_STANDARD = "gnu++14";
				CLANG_CXX_LIBRARY = "libc++";
				CLANG_ENABLE_MODULES = YES;
				CLANG_ENABLE_OBJC_ARC = YES;
				CLANG_ENABLE_OBJC_WEAK = YES;
				CLANG_WARN_BLOCK_CAPTURE_AUTORELEASING = YES;
				CLANG_WARN_BOOL_CONVERSION = YES;
				CLANG_WARN_COMMA = YES;
				CLANG_WARN_CONSTANT_CONVERSION = YES;
				CLANG_WARN_DEPRECATED_OBJC_IMPLEMENTATIONS = YES;
				CLANG_WARN_DIRECT_OBJC_ISA_USAGE = YES_ERROR;
				CLANG_WARN_DOCUMENTATION_COMMENTS = YES;
				CLANG_WARN_EMPTY_BODY = YES;
				CLANG_WARN_ENUM_CONVERSION = YES;
				CLANG_WARN_INFINITE_RECURSION = YES;
				CLANG_WARN_INT_CONVERSION = YES;
				CLANG_WARN_NON_LITERAL_NULL_CONVERSION = YES;
				CLANG_WARN_OBJC_IMPLICIT_RETAIN_SELF = YES;
				CLANG_WARN_OBJC_LITERAL_CONVERSION = YES;
				CLANG_WARN_OBJC_ROOT_CLASS = YES_ERROR;
				CLANG_WARN_QUOTED_INCLUDE_IN_FRAMEWORK_HEADER = YES;
				CLANG_WARN_RANGE_LOOP_ANALYSIS = YES;
				CLANG_WARN_STRICT_PROTOTYPES = YES;
				CLANG_WARN_SUSPICIOUS_MOVE = YES;
				CLANG_WARN_UNGUARDED_AVAILABILITY = YES_AGGRESSIVE;
				CLANG_WARN_UNREACHABLE_CODE = YES;
				CLANG_WARN__DUPLICATE_METHOD_MATCH = YES;
				COPY_PHASE_STRIP = NO;
				DEBUG_INFORMATION_FORMAT = dwarf;
				ENABLE_STRICT_OBJC_MSGSEND = YES;
				ENABLE_TESTABILITY = YES;
				GCC_C_LANGUAGE_STANDARD = gnu11;
				GCC_DYNAMIC_NO_PIC = NO;
				GCC_NO_COMMON_BLOCKS = YES;
				GCC_OPTIMIZATION_LEVEL = 0;
				GCC_PREPROCESSOR_DEFINITIONS = (
					"$(inherited)",
					"DEBUG=1",
				);
				GCC_WARN_64_TO_32_BIT_CONVERSION = YES;
				GCC_WARN_ABOUT_RETURN_TYPE = YES_ERROR;
				GCC_WARN_UNDECLARED_SELECTOR = YES;
				GCC_WARN_UNINITIALIZED_AUTOS = YES_AGGRESSIVE;
				GCC_WARN_UNUSED_FUNCTION = YES;
				GCC_WARN_UNUSED_VARIABLE = YES;
				IPHONEOS_DEPLOYMENT_TARGET = 18.0;
				MTL_ENABLE_DEBUG_INFO = INCLUDE_SOURCE;
				MTL_FAST_MATH = YES;
				ONLY_ACTIVE_ARCH = YES;
				PRODUCT_NAME = "$(TARGET_NAME)";
				SDKROOT = iphoneos;
				SWIFT_ACTIVE_COMPILATION_CONDITIONS = DEBUG;
				SWIFT_OPTIMIZATION_LEVEL = "-Onone";
				SWIFT_VERSION = 5.0;
			};
			name = Debug;
		};
		1EF46DC4D78D9962819263E8 /* Release */ = {
			isa = XCBuildConfiguration;
			buildSettings = {
				ALWAYS_SEARCH_USER_PATHS = NO;
				CLANG_ANALYZER_NONNULL = YES;
				CLANG_ANALYZER_NUMBER_OBJECT_CONVERSION = YES_AGGRESSIVE;
				CLANG_CXX_LANGUAGE_STANDARD = "gnu++14";
				CLANG_CXX_LIBRARY = "libc++";
				CLANG_ENABLE_MODULES = YES;
				CLANG_ENABLE_OBJC_ARC = YES;
				CLANG_ENABLE_OBJC_WEAK = YES;
				CLANG_WARN_BLOCK_CAPTURE_AUTORELEASING = YES;
				CLANG_WARN_BOOL_CONVERSION = YES;
				CLANG_WARN_COMMA = YES;
				CLANG_WARN_CONSTANT_CONVERSION = YES;
				CLANG_WARN_DEPRECATED_OBJC_IMPLEMENTATIONS = YES;
				CLANG_WARN_DIRECT_OBJC_ISA_USAGE = YES_ERROR;
				CLANG_WARN_DOCUMENTATION_COMMENTS = YES;
				CLANG_WARN_EMPTY_BODY = YES;
				CLANG_WARN_ENUM_CONVERSION = YES;
				CLANG_WARN_INFINITE_RECURSION = YES;
				CLANG_WARN_INT_CONVERSION = YES;
				CLANG_WARN_NON_LITERAL_NULL_CONVERSION = YES;
				CLANG_WARN_OBJC_IMPLICIT_RETAIN_SELF = YES;
				CLANG_WARN_OBJC_LITERAL_CONVERSION = YES;
				CLANG_WARN_OBJC_ROOT_CLASS = YES_ERROR;
				CLANG_WARN_QUOTED_INCLUDE_IN_FRAMEWORK_HEADER = YES;
				CLANG_WARN_RANGE_LOOP_ANALYSIS = YES;
				CLANG_WARN_STRICT_PROTOTYPES = YES;
				CLANG_WARN_SUSPICIOUS_MOVE = YES;
				CLANG_WARN_UNGUARDED_AVAILABILITY = YES_AGGRESSIVE;
				CLANG_WARN_UNREACHABLE_CODE = YES;
				CLANG_WARN__DUPLICATE_METHOD_MATCH = YES;
				COPY_PHASE_STRIP = NO;
				DEBUG_INFORMATION_FORMAT = "dwarf-with-dsym";
				ENABLE_NS_ASSERTIONS = NO;
				ENABLE_STRICT_OBJC_MSGSEND = YES;
				GCC_C_LANGUAGE_STANDARD = gnu11;
				GCC_NO_COMMON_BLOCKS = YES;
				GCC_WARN_64_TO_32_BIT_CONVERSION = YES;
				GCC_WARN_ABOUT_RETURN_TYPE = YES_ERROR;
				GCC_WARN_UNDECLARED_SELECTOR = YES;
				GCC_WARN_UNINITIALIZED_AUTOS = YES_AGGRESSIVE;
				GCC_WARN_UNUSED_FUNCTION = YES;
				GCC_WARN_UNUSED_VARIABLE = YES;
				IPHONEOS_DEPLOYMENT_TARGET = 18.0;
				MTL_ENABLE_DEBUG_INFO = NO;
				MTL_FAST_MATH = YES;
				PRODUCT_NAME = "$(TARGET_NAME)";
				SDKROOT = iphoneos;
				SWIFT_COMPILATION_MODE = wholemodule;
				SWIFT_OPTIMIZATION_LEVEL = "-O";
				SWIFT_VERSION = 5.0;
			};
			name = Release;
		};
		30CF9CF7DF1F37D12A9F40B5 /* Release */ = {
			isa = XCBuildConfiguration;
			buildSettings = {
				ASSETCATALOG_COMPILER_APPICON_NAME = AppIcon;
				CODE_SIGN_IDENTITY = "iPhone Developer";
				CODE_SIGN_STYLE = Automatic;
				GENERATE_INFOPLIST_FILE = YES;
				INFOPLIST_KEY_UIApplicationSceneManifest_Generation = YES;
				INFOPLIST_KEY_UIApplicationSupportsIndirectInputEvents = YES;
				INFOPLIST_KEY_UILaunchStoryboardName = LaunchScreen;
				LD_RUNPATH_SEARCH_PATHS = (
					"$(inherited)",
					"@executable_path/Frameworks",
				);
				PRODUCT_BUNDLE_IDENTIFIER = com.andreasink.SymbolParticleMorphExample;
				SDKROOT = iphoneos;
				SWIFT_VERSION = 6.0;
				TARGETED_DEVICE_FAMILY = 1;
			};
			name = Release;
		};
		AFA94F96E237FA82F4DE8BD7 /* Debug */ = {
			isa = XCBuildConfiguration;
			buildSettings = {
				ASSETCATALOG_COMPILER_APPICON_NAME = AppIcon;
				CODE_SIGN_IDENTITY = "iPhone Developer";
				CODE_SIGN_STYLE = Automatic;
				GENERATE_INFOPLIST_FILE = YES;
				INFOPLIST_KEY_UIApplicationSceneManifest_Generation = YES;
				INFOPLIST_KEY_UIApplicationSupportsIndirectInputEvents = YES;
				INFOPLIST_KEY_UILaunchStoryboardName = LaunchScreen;
				LD_RUNPATH_SEARCH_PATHS = (
					"$(inherited)",
					"@executable_path/Frameworks",
				);
				PRODUCT_BUNDLE_IDENTIFIER = com.andreasink.SymbolParticleMorphExample;
				SDKROOT = iphoneos;
				SWIFT_VERSION = 6.0;
				TARGETED_DEVICE_FAMILY = 1;
			};
			name = Debug;
		};
/* End XCBuildConfiguration section */

/* Begin XCConfigurationList section */
		6B9105385AE903A75FC2DBD5 /* Build configuration list for PBXProject "SymbolParticleMorphExample" */ = {
			isa = XCConfigurationList;
			buildConfigurations = (
				15E586BBCC50978B6C4D65CB /* Debug */,
				1EF46DC4D78D9962819263E8 /* Release */,
			);
			defaultConfigurationIsVisible = 0;
			defaultConfigurationName = Debug;
		};
		70678E413A8118AD63EA25F5 /* Build configuration list for PBXNativeTarget "SymbolParticleMorphExample" */ = {
			isa = XCConfigurationList;
			buildConfigurations = (
				AFA94F96E237FA82F4DE8BD7 /* Debug */,
				30CF9CF7DF1F37D12A9F40B5 /* Release */,
			);
			defaultConfigurationIsVisible = 0;
			defaultConfigurationName = Debug;
		};
/* End XCConfigurationList section */

/* Begin XCLocalSwiftPackageReference section */
		9649253BEF8867C11C8BED51 /* XCLocalSwiftPackageReference "../.." */ = {
			isa = XCLocalSwiftPackageReference;
			relativePath = ../..;
		};
/* End XCLocalSwiftPackageReference section */

/* Begin XCSwiftPackageProductDependency section */
		129E246C407F9782C3FB541A /* SymbolParticleMorph */ = {
			isa = XCSwiftPackageProductDependency;
			productName = SymbolParticleMorph;
		};
/* End XCSwiftPackageProductDependency section */
	};
	rootObject = 10F8DF81B1B85331CE78F006 /* Project object */;
}
